
Microsoft Visual Studio Solution File, Format Version 12.00
# Visual Studio Version 16
VisualStudioVersion = 16.0.30717.126
MinimumVisualStudioVersion = 10.0.40219.1
Project("{888888A0-9F3D-457C-B088-3A5042F75D52}") = "Adv of Code Day 3", "Adv of Code Day 3\Adv of Code Day 3.pyproj", "{E9E5D15F-DC2D-47C4-A3EF-74E583661271}"
EndProject
Global
	GlobalSection(SolutionConfigurationPlatforms) = preSolution
		Debug|Any CPU = Debug|Any CPU
		Release|Any CPU = Release|Any CPU
	EndGlobalSection
	GlobalSection(ProjectConfigurationPlatforms) = postSolution
		{E9E5D15F-DC2D-47C4-A3EF-74E583661271}.Debug|Any CPU.ActiveCfg = Debug|Any CPU
		{E9E5D15F-DC2D-47C4-A3EF-74E583661271}.Release|Any CPU.ActiveCfg = Release|Any CPU
	EndGlobalSection
	GlobalSection(SolutionProperties) = preSolution
		HideSolutionNode = FALSE
	EndGlobalSection
	GlobalSection(ExtensibilityGlobals) = postSolution
		SolutionGuid = {A8072EEE-288A-4B4C-8548-F7126C8CAA7F}
	EndGlobalSection
EndGlobal
